
Microsoft Visual Studio Solution File, Format Version 12.00
# Visual Studio Version 17
VisualStudioVersion = 17.11.35222.181
MinimumVisualStudioVersion = 10.0.40219.1
Project("{FAE04EC0-301F-11D3-BF4B-00C04F79EFBC}") = "SEARENA2025", "SEARENA2025\SEARENA2025.csproj", "{7FEE6CEE-F8E9-4433-872A-AF8C71A15176}"
EndProject
Project("{2150E333-8FDC-42A3-9474-1A3956D46DE8}") = "Solution Items", "Solution Items", "{9A41B8B7-C8F1-4DBC-BE8F-EFB701661363}"
	ProjectSection(SolutionItems) = preProject
		.env = .env
		.gitignore = .gitignore
	EndProjectSection
EndProject
Global
	GlobalSection(SolutionConfigurationPlatforms) = preSolution
		Debug|Any CPU = Debug|Any CPU
		Release|Any CPU = Release|Any CPU
	EndGlobalSection
	GlobalSection(ProjectConfigurationPlatforms) = postSolution
		{7FEE6CEE-F8E9-4433-872A-AF8C71A15176}.Debug|Any CPU.ActiveCfg = Debug|Any CPU
		{7FEE6CEE-F8E9-4433-872A-AF8C71A15176}.Debug|Any CPU.Build.0 = Debug|Any CPU
		{7FEE6CEE-F8E9-4433-872A-AF8C71A15176}.Release|Any CPU.ActiveCfg = Release|Any CPU
		{7FEE6CEE-F8E9-4433-872A-AF8C71A15176}.Release|Any CPU.Build.0 = Release|Any CPU
	EndGlobalSection
	GlobalSection(SolutionProperties) = preSolution
		HideSolutionNode = FALSE
	EndGlobalSection
	GlobalSection(ExtensibilityGlobals) = postSolution
		SolutionGuid = {E664B86B-FEF8-440F-9B3B-4330359696DA}
	EndGlobalSection
EndGlobal
